
Microsoft Visual Studio Solution File, Format Version 12.00
# Visual Studio Version 17
VisualStudioVersion = 17.11.35312.102
MinimumVisualStudioVersion = 10.0.40219.1
Project("{FAE04EC0-301F-11D3-BF4B-00C04F79EFBC}") = "Project1", "Project1\Project1.csproj", "{C5F9029A-C087-4995-AE31-347800811EDE}"
EndProject
Global
	GlobalSection(SolutionConfigurationPlatforms) = preSolution
		Debug|Any CPU = Debug|Any CPU
		Release|Any CPU = Release|Any CPU
	EndGlobalSection
	GlobalSection(ProjectConfigurationPlatforms) = postSolution
		{C5F9029A-C087-4995-AE31-347800811EDE}.Debug|Any CPU.ActiveCfg = Debug|Any CPU
		{C5F9029A-C087-4995-AE31-347800811EDE}.Debug|Any CPU.Build.0 = Debug|Any CPU
		{C5F9029A-C087-4995-AE31-347800811EDE}.Debug|Any CPU.Deploy.0 = Debug|Any CPU
		{C5F9029A-C087-4995-AE31-347800811EDE}.Release|Any CPU.ActiveCfg = Release|Any CPU
		{C5F9029A-C087-4995-AE31-347800811EDE}.Release|Any CPU.Build.0 = Release|Any CPU
		{C5F9029A-C087-4995-AE31-347800811EDE}.Release|Any CPU.Deploy.0 = Release|Any CPU
	EndGlobalSection
	GlobalSection(SolutionProperties) = preSolution
		HideSolutionNode = FALSE
	EndGlobalSection
	GlobalSection(ExtensibilityGlobals) = postSolution
		SolutionGuid = {027831AB-1729-4CA0-8525-2231902CD7B0}
	EndGlobalSection
EndGlobal
